// !$*UTF8*$!
{
	archiveVersion = 1;
	classes = {
	};
	objectVersion = 50;
	objects = {

/* Begin PBXBuildFile section */
		71028B1053E29B753978D649 /* Pods_LaborStats_iOS.framework in Frameworks */ = {isa = PBXBuildFile; fileRef = 9418A065206C39CF8C29DE46 /* Pods_LaborStats_iOS.framework */; };
		D8C873232146C6190038A057 /* CurrentNumbersViewController.swift in Sources */ = {isa = PBXBuildFile; fileRef = D8C873222146C6190038A057 /* CurrentNumbersViewController.swift */; };
		D8C873252146C6350038A057 /* NewsReleasesViewController.swift in Sources */ = {isa = PBXBuildFile; fileRef = D8C873242146C6350038A057 /* NewsReleasesViewController.swift */; };
		D8E340412146BBC600A36379 /* AppDelegate.swift in Sources */ = {isa = PBXBuildFile; fileRef = D8E340402146BBC600A36379 /* AppDelegate.swift */; };
		D8E340462146BBC600A36379 /* Main.storyboard in Resources */ = {isa = PBXBuildFile; fileRef = D8E340442146BBC600A36379 /* Main.storyboard */; };
		D8E340482146BBC700A36379 /* Assets.xcassets in Resources */ = {isa = PBXBuildFile; fileRef = D8E340472146BBC700A36379 /* Assets.xcassets */; };
		D8E3404B2146BBC700A36379 /* LaunchScreen.storyboard in Resources */ = {isa = PBXBuildFile; fileRef = D8E340492146BBC700A36379 /* LaunchScreen.storyboard */; };
/* End PBXBuildFile section */

/* Begin PBXFileReference section */
		45B644021F86CBFE585F67E2 /* Pods-LaborStats-iOS.debug.xcconfig */ = {isa = PBXFileReference; includeInIndex = 1; lastKnownFileType = text.xcconfig; name = "Pods-LaborStats-iOS.debug.xcconfig"; path = "Pods/Target Support Files/Pods-LaborStats-iOS/Pods-LaborStats-iOS.debug.xcconfig"; sourceTree = "<group>"; };
		7D7025A4D73ED58F5B98AC71 /* Pods-LaborStats-iOS.release.xcconfig */ = {isa = PBXFileReference; includeInIndex = 1; lastKnownFileType = text.xcconfig; name = "Pods-LaborStats-iOS.release.xcconfig"; path = "Pods/Target Support Files/Pods-LaborStats-iOS/Pods-LaborStats-iOS.release.xcconfig"; sourceTree = "<group>"; };
		9418A065206C39CF8C29DE46 /* Pods_LaborStats_iOS.framework */ = {isa = PBXFileReference; explicitFileType = wrapper.framework; includeInIndex = 0; path = Pods_LaborStats_iOS.framework; sourceTree = BUILT_PRODUCTS_DIR; };
		D8C873222146C6190038A057 /* CurrentNumbersViewController.swift */ = {isa = PBXFileReference; lastKnownFileType = sourcecode.swift; path = CurrentNumbersViewController.swift; sourceTree = "<group>"; };
		D8C873242146C6350038A057 /* NewsReleasesViewController.swift */ = {isa = PBXFileReference; lastKnownFileType = sourcecode.swift; path = NewsReleasesViewController.swift; sourceTree = "<group>"; };
		D8E3403D2146BBC600A36379 /* LaborStats-iOS.app */ = {isa = PBXFileReference; explicitFileType = wrapper.application; includeInIndex = 0; path = "LaborStats-iOS.app"; sourceTree = BUILT_PRODUCTS_DIR; };
		D8E340402146BBC600A36379 /* AppDelegate.swift */ = {isa = PBXFileReference; lastKnownFileType = sourcecode.swift; path = AppDelegate.swift; sourceTree = "<group>"; };
		D8E340452146BBC600A36379 /* Base */ = {isa = PBXFileReference; lastKnownFileType = file.storyboard; name = Base; path = Base.lproj/Main.storyboard; sourceTree = "<group>"; };
		D8E340472146BBC700A36379 /* Assets.xcassets */ = {isa = PBXFileReference; lastKnownFileType = folder.assetcatalog; path = Assets.xcassets; sourceTree = "<group>"; };
		D8E3404A2146BBC700A36379 /* Base */ = {isa = PBXFileReference; lastKnownFileType = file.storyboard; name = Base; path = Base.lproj/LaunchScreen.storyboard; sourceTree = "<group>"; };
		D8E3404C2146BBC700A36379 /* Info.plist */ = {isa = PBXFileReference; lastKnownFileType = text.plist.xml; path = Info.plist; sourceTree = "<group>"; };
/* End PBXFileReference section */

/* Begin PBXFrameworksBuildPhase section */
		D8E3403A2146BBC600A36379 /* Frameworks */ = {
			isa = PBXFrameworksBuildPhase;
			buildActionMask = 2147483647;
			files = (
				71028B1053E29B753978D649 /* Pods_LaborStats_iOS.framework in Frameworks */,
			);
			runOnlyForDeploymentPostprocessing = 0;
		};
/* End PBXFrameworksBuildPhase section */

/* Begin PBXGroup section */
		96AD45F9B85E0A72356D9955 /* Frameworks */ = {
			isa = PBXGroup;
			children = (
				9418A065206C39CF8C29DE46 /* Pods_LaborStats_iOS.framework */,
			);
			name = Frameworks;
			sourceTree = "<group>";
		};
		D8E340342146BBC600A36379 = {
			isa = PBXGroup;
			children = (
				D8E3403F2146BBC600A36379 /* LaborStats-iOS */,
				D8E3403E2146BBC600A36379 /* Products */,
				EDC35F0C299965AFE629FDD3 /* Pods */,
				96AD45F9B85E0A72356D9955 /* Frameworks */,
			);
			sourceTree = "<group>";
		};
		D8E3403E2146BBC600A36379 /* Products */ = {
			isa = PBXGroup;
			children = (
				D8E3403D2146BBC600A36379 /* LaborStats-iOS.app */,
			);
			name = Products;
			sourceTree = "<group>";
		};
		D8E3403F2146BBC600A36379 /* LaborStats-iOS */ = {
			isa = PBXGroup;
			children = (
				D8E340402146BBC600A36379 /* AppDelegate.swift */,
				D8C873222146C6190038A057 /* CurrentNumbersViewController.swift */,
				D8C873242146C6350038A057 /* NewsReleasesViewController.swift */,
				D8E340442146BBC600A36379 /* Main.storyboard */,
				D8E340472146BBC700A36379 /* Assets.xcassets */,
				D8E340492146BBC700A36379 /* LaunchScreen.storyboard */,
				D8E3404C2146BBC700A36379 /* Info.plist */,
			);
			path = "LaborStats-iOS";
			sourceTree = "<group>";
		};
		EDC35F0C299965AFE629FDD3 /* Pods */ = {
			isa = PBXGroup;
			children = (
				45B644021F86CBFE585F67E2 /* Pods-LaborStats-iOS.debug.xcconfig */,
				7D7025A4D73ED58F5B98AC71 /* Pods-LaborStats-iOS.release.xcconfig */,
			);
			name = Pods;
			sourceTree = "<group>";
		};
/* End PBXGroup section */

/* Begin PBXNativeTarget section */
		D8E3403C2146BBC600A36379 /* LaborStats-iOS */ = {
			isa = PBXNativeTarget;
			buildConfigurationList = D8E3404F2146BBC700A36379 /* Build configuration list for PBXNativeTarget "LaborStats-iOS" */;
			buildPhases = (
				7C8943C52B877AF3FB32A191 /* [CP] Check Pods Manifest.lock */,
				D8E340392146BBC600A36379 /* Sources */,
				D8E3403A2146BBC600A36379 /* Frameworks */,
				D8E3403B2146BBC600A36379 /* Resources */,
				E36ED8858530327DA3AB2B7E /* [CP] Embed Pods Frameworks */,
			);
			buildRules = (
			);
			dependencies = (
			);
			name = "LaborStats-iOS";
			productName = "LaborStats-iOS";
			productReference = D8E3403D2146BBC600A36379 /* LaborStats-iOS.app */;
			productType = "com.apple.product-type.application";
		};
/* End PBXNativeTarget section */

/* Begin PBXProject section */
		D8E340352146BBC600A36379 /* Project object */ = {
			isa = PBXProject;
			attributes = {
				LastSwiftUpdateCheck = 0940;
				LastUpgradeCheck = 0940;
				ORGANIZATIONNAME = "Hari Yerramsetty";
				TargetAttributes = {
					D8E3403C2146BBC600A36379 = {
						CreatedOnToolsVersion = 9.4.1;
					};
				};
			};
			buildConfigurationList = D8E340382146BBC600A36379 /* Build configuration list for PBXProject "LaborStats-iOS" */;
			compatibilityVersion = "Xcode 9.3";
			developmentRegion = en;
			hasScannedForEncodings = 0;
			knownRegions = (
				en,
				Base,
			);
			mainGroup = D8E340342146BBC600A36379;
			productRefGroup = D8E3403E2146BBC600A36379 /* Products */;
			projectDirPath = "";
			projectRoot = "";
			targets = (
				D8E3403C2146BBC600A36379 /* LaborStats-iOS */,
			);
		};
/* End PBXProject section */

/* Begin PBXResourcesBuildPhase section */
		D8E3403B2146BBC600A36379 /* Resources */ = {
			isa = PBXResourcesBuildPhase;
			buildActionMask = 2147483647;
			files = (
				D8E3404B2146BBC700A36379 /* LaunchScreen.storyboard in Resources */,
				D8E340482146BBC700A36379 /* Assets.xcassets in Resources */,
				D8E340462146BBC600A36379 /* Main.storyboard in Resources */,
			);
			runOnlyForDeploymentPostprocessing = 0;
		};
/* End PBXResourcesBuildPhase section */

/* Begin PBXShellScriptBuildPhase section */
		7C8943C52B877AF3FB32A191 /* [CP] Check Pods Manifest.lock */ = {
			isa = PBXShellScriptBuildPhase;
			buildActionMask = 2147483647;
			files = (
			);
			inputPaths = (
				"${PODS_PODFILE_DIR_PATH}/Podfile.lock",
				"${PODS_ROOT}/Manifest.lock",
			);
			name = "[CP] Check Pods Manifest.lock";
			outputPaths = (
				"$(DERIVED_FILE_DIR)/Pods-LaborStats-iOS-checkManifestLockResult.txt",
			);
			runOnlyForDeploymentPostprocessing = 0;
			shellPath = /bin/sh;
			shellScript = "diff \"${PODS_PODFILE_DIR_PATH}/Podfile.lock\" \"${PODS_ROOT}/Manifest.lock\" > /dev/null\nif [ $? != 0 ] ; then\n    # print error to STDERR\n    echo \"error: The sandbox is not in sync with the Podfile.lock. Run 'pod install' or update your CocoaPods installation.\" >&2\n    exit 1\nfi\n# This output is used by Xcode 'outputs' to avoid re-running this script phase.\necho \"SUCCESS\" > \"${SCRIPT_OUTPUT_FILE_0}\"\n";
			showEnvVarsInLog = 0;
		};
		E36ED8858530327DA3AB2B7E /* [CP] Embed Pods Frameworks */ = {
			isa = PBXShellScriptBuildPhase;
			buildActionMask = 2147483647;
			files = (
			);
			inputPaths = (
				"${SRCROOT}/Pods/Target Support Files/Pods-LaborStats-iOS/Pods-LaborStats-iOS-frameworks.sh",
				"${BUILT_PRODUCTS_DIR}/Alamofire/Alamofire.framework",
				"${BUILT_PRODUCTS_DIR}/SwiftyJSON/SwiftyJSON.framework",
			);
			name = "[CP] Embed Pods Frameworks";
			outputPaths = (
				"${TARGET_BUILD_DIR}/${FRAMEWORKS_FOLDER_PATH}/Alamofire.framework",
				"${TARGET_BUILD_DIR}/${FRAMEWORKS_FOLDER_PATH}/SwiftyJSON.framework",
			);
			runOnlyForDeploymentPostprocessing = 0;
			shellPath = /bin/sh;
			shellScript = "\"${SRCROOT}/Pods/Target Support Files/Pods-LaborStats-iOS/Pods-LaborStats-iOS-frameworks.sh\"\n";
			showEnvVarsInLog = 0;
		};
/* End PBXShellScriptBuildPhase section */

/* Begin PBXSourcesBuildPhase section */
		D8E340392146BBC600A36379 /* Sources */ = {
			isa = PBXSourcesBuildPhase;
			buildActionMask = 2147483647;
			files = (
				D8C873232146C6190038A057 /* CurrentNumbersViewController.swift in Sources */,
				D8C873252146C6350038A057 /* NewsReleasesViewController.swift in Sources */,
				D8E340412146BBC600A36379 /* AppDelegate.swift in Sources */,
			);
			runOnlyForDeploymentPostprocessing = 0;
		};
/* End PBXSourcesBuildPhase section */

/* Begin PBXVariantGroup section */
		D8E340442146BBC600A36379 /* Main.storyboard */ = {
			isa = PBXVariantGroup;
			children = (
				D8E340452146BBC600A36379 /* Base */,
			);
			name = Main.storyboard;
			sourceTree = "<group>";
		};
		D8E340492146BBC700A36379 /* LaunchScreen.storyboard */ = {
			isa = PBXVariantGroup;
			children = (
				D8E3404A2146BBC700A36379 /* Base */,
			);
			name = LaunchScreen.storyboard;
			sourceTree = "<group>";
		};
/* End PBXVariantGroup section */

/* Begin XCBuildConfiguration section */
		D8E3404D2146BBC700A36379 /* Debug */ = {
			isa = XCBuildConfiguration;
			buildSettings = {
				ALWAYS_SEARCH_USER_PATHS = NO;
				CLANG_ANALYZER_NONNULL = YES;
				CLANG_ANALYZER_NUMBER_OBJECT_CONVERSION = YES_AGGRESSIVE;
				CLANG_CXX_LANGUAGE_STANDARD = "gnu++14";
				CLANG_CXX_LIBRARY = "libc++";
				CLANG_ENABLE_MODULES = YES;
				CLANG_ENABLE_OBJC_ARC = YES;
				CLANG_ENABLE_OBJC_WEAK = YES;
				CLANG_WARN_BLOCK_CAPTURE_AUTORELEASING = YES;
				CLANG_WARN_BOOL_CONVERSION = YES;
				CLANG_WARN_COMMA = YES;
				CLANG_WARN_CONSTANT_CONVERSION = YES;
				CLANG_WARN_DEPRECATED_OBJC_IMPLEMENTATIONS = YES;
				CLANG_WARN_DIRECT_OBJC_ISA_USAGE = YES_ERROR;
				CLANG_WARN_DOCUMENTATION_COMMENTS = YES;
				CLANG_WARN_EMPTY_BODY = YES;
				CLANG_WARN_ENUM_CONVERSION = YES;
				CLANG_WARN_INFINITE_RECURSION = YES;
				CLANG_WARN_INT_CONVERSION = YES;
				CLANG_WARN_NON_LITERAL_NULL_CONVERSION = YES;
				CLANG_WARN_OBJC_IMPLICIT_RETAIN_SELF = YES;
				CLANG_WARN_OBJC_LITERAL_CONVERSION = YES;
				CLANG_WARN_OBJC_ROOT_CLASS = YES_ERROR;
				CLANG_WARN_RANGE_LOOP_ANALYSIS = YES;
				CLANG_WARN_STRICT_PROTOTYPES = YES;
				CLANG_WARN_SUSPICIOUS_MOVE = YES;
				CLANG_WARN_UNGUARDED_AVAILABILITY = YES_AGGRESSIVE;
				CLANG_WARN_UNREACHABLE_CODE = YES;
				CLANG_WARN__DUPLICATE_METHOD_MATCH = YES;
				CODE_SIGN_IDENTITY = "iPhone Developer";
				COPY_PHASE_STRIP = NO;
				DEBUG_INFORMATION_FORMAT = dwarf;
				ENABLE_STRICT_OBJC_MSGSEND = YES;
				ENABLE_TESTABILITY = YES;
				GCC_C_LANGUAGE_STANDARD = gnu11;
				GCC_DYNAMIC_NO_PIC = NO;
				GCC_NO_COMMON_BLOCKS = YES;
				GCC_OPTIMIZATION_LEVEL = 0;
				GCC_PREPROCESSOR_DEFINITIONS = (
					"DEBUG=1",
					"$(inherited)",
				);
				GCC_WARN_64_TO_32_BIT_CONVERSION = YES;
				GCC_WARN_ABOUT_RETURN_TYPE = YES_ERROR;
				GCC_WARN_UNDECLARED_SELECTOR = YES;
				GCC_WARN_UNINITIALIZED_AUTOS = YES_AGGRESSIVE;
				GCC_WARN_UNUSED_FUNCTION = YES;
				GCC_WARN_UNUSED_VARIABLE = YES;
				IPHONEOS_DEPLOYMENT_TARGET = 11.4;
				MTL_ENABLE_DEBUG_INFO = YES;
				ONLY_ACTIVE_ARCH = YES;
				SDKROOT = iphoneos;
				SWIFT_ACTIVE_COMPILATION_CONDITIONS = DEBUG;
				SWIFT_OPTIMIZATION_LEVEL = "-Onone";
			};
			name = Debug;
		};
		D8E3404E2146BBC700A36379 /* Release */ = {
			isa = XCBuildConfiguration;
			buildSettings = {
				ALWAYS_SEARCH_USER_PATHS = NO;
				CLANG_ANALYZER_NONNULL = YES;
				CLANG_ANALYZER_NUMBER_OBJECT_CONVERSION = YES_AGGRESSIVE;
				CLANG_CXX_LANGUAGE_STANDARD = "gnu++14";
				CLANG_CXX_LIBRARY = "libc++";
				CLANG_ENABLE_MODULES = YES;
				CLANG_ENABLE_OBJC_ARC = YES;
				CLANG_ENABLE_OBJC_WEAK = YES;
				CLANG_WARN_BLOCK_CAPTURE_AUTORELEASING = YES;
				CLANG_WARN_BOOL_CONVERSION = YES;
				CLANG_WARN_COMMA = YES;
				CLANG_WARN_CONSTANT_CONVERSION = YES;
				CLANG_WARN_DEPRECATED_OBJC_IMPLEMENTATIONS = YES;
				CLANG_WARN_DIRECT_OBJC_ISA_USAGE = YES_ERROR;
				CLANG_WARN_DOCUMENTATION_COMMENTS = YES;
				CLANG_WARN_EMPTY_BODY = YES;
				CLANG_WARN_ENUM_CONVERSION = YES;
				CLANG_WARN_INFINITE_RECURSION = YES;
				CLANG_WARN_INT_CONVERSION = YES;
				CLANG_WARN_NON_LITERAL_NULL_CONVERSION = YES;
				CLANG_WARN_OBJC_IMPLICIT_RETAIN_SELF = YES;
				CLANG_WARN_OBJC_LITERAL_CONVERSION = YES;
				CLANG_WARN_OBJC_ROOT_CLASS = YES_ERROR;
				CLANG_WARN_RANGE_LOOP_ANALYSIS = YES;
				CLANG_WARN_STRICT_PROTOTYPES = YES;
				CLANG_WARN_SUSPICIOUS_MOVE = YES;
				CLANG_WARN_UNGUARDED_AVAILABILITY = YES_AGGRESSIVE;
				CLANG_WARN_UNREACHABLE_CODE = YES;
				CLANG_WARN__DUPLICATE_METHOD_MATCH = YES;
				CODE_SIGN_IDENTITY = "iPhone Developer";
				COPY_PHASE_STRIP = NO;
				DEBUG_INFORMATION_FORMAT = "dwarf-with-dsym";
				ENABLE_NS_ASSERTIONS = NO;
				ENABLE_STRICT_OBJC_MSGSEND = YES;
				GCC_C_LANGUAGE_STANDARD = gnu11;
				GCC_NO_COMMON_BLOCKS = YES;
				GCC_WARN_64_TO_32_BIT_CONVERSION = YES;
				GCC_WARN_ABOUT_RETURN_TYPE = YES_ERROR;
				GCC_WARN_UNDECLARED_SELECTOR = YES;
				GCC_WARN_UNINITIALIZED_AUTOS = YES_AGGRESSIVE;
				GCC_WARN_UNUSED_FUNCTION = YES;
				GCC_WARN_UNUSED_VARIABLE = YES;
				IPHONEOS_DEPLOYMENT_TARGET = 11.4;
				MTL_ENABLE_DEBUG_INFO = NO;
				SDKROOT = iphoneos;
				SWIFT_COMPILATION_MODE = wholemodule;
				SWIFT_OPTIMIZATION_LEVEL = "-O";
				VALIDATE_PRODUCT = YES;
			};
			name = Release;
		};
		D8E340502146BBC700A36379 /* Debug */ = {
			isa = XCBuildConfiguration;
			baseConfigurationReference = 45B644021F86CBFE585F67E2 /* Pods-LaborStats-iOS.debug.xcconfig */;
			buildSettings = {
				ASSETCATALOG_COMPILER_APPICON_NAME = AppIcon;
				CODE_SIGN_STYLE = Automatic;
				DEVELOPMENT_TEAM = 9XMMQ54C58;
				INFOPLIST_FILE = "LaborStats-iOS/Info.plist";
				LD_RUNPATH_SEARCH_PATHS = (
					"$(inherited)",
					"@executable_path/Frameworks",
				);
				PRODUCT_BUNDLE_IDENTIFIER = "gov.dol.LaborStats-iOS-v2";
				PRODUCT_NAME = "$(TARGET_NAME)";
				SWIFT_VERSION = 4.0;
				TARGETED_DEVICE_FAMILY = "1,2";
			};
			name = Debug;
		};
		D8E340512146BBC700A36379 /* Release */ = {
			isa = XCBuildConfiguration;
			baseConfigurationReference = 7D7025A4D73ED58F5B98AC71 /* Pods-LaborStats-iOS.release.xcconfig */;
			buildSettings = {
				ASSETCATALOG_COMPILER_APPICON_NAME = AppIcon;
				CODE_SIGN_STYLE = Automatic;
				DEVELOPMENT_TEAM = 9XMMQ54C58;
				INFOPLIST_FILE = "LaborStats-iOS/Info.plist";
				LD_RUNPATH_SEARCH_PATHS = (
					"$(inherited)",
					"@executable_path/Frameworks",
				);
				PRODUCT_BUNDLE_IDENTIFIER = "gov.dol.LaborStats-iOS-v2";
				PRODUCT_NAME = "$(TARGET_NAME)";
				SWIFT_VERSION = 4.0;
				TARGETED_DEVICE_FAMILY = "1,2";
			};
			name = Release;
		};
/* End XCBuildConfiguration section */

/* Begin XCConfigurationList section */
		D8E340382146BBC600A36379 /* Build configuration list for PBXProject "LaborStats-iOS" */ = {
			isa = XCConfigurationList;
			buildConfigurations = (
				D8E3404D2146BBC700A36379 /* Debug */,
				D8E3404E2146BBC700A36379 /* Release */,
			);
			defaultConfigurationIsVisible = 0;
			defaultConfigurationName = Release;
		};
		D8E3404F2146BBC700A36379 /* Build configuration list for PBXNativeTarget "LaborStats-iOS" */ = {
			isa = XCConfigurationList;
			buildConfigurations = (
				D8E340502146BBC700A36379 /* Debug */,
				D8E340512146BBC700A36379 /* Release */,
			);
			defaultConfigurationIsVisible = 0;
			defaultConfigurationName = Release;
		};
/* End XCConfigurationList section */
	};
	rootObject = D8E340352146BBC600A36379 /* Project object */;
}
