// !$*UTF8*$!
{
	archiveVersion = 1;
	classes = {
	};
	objectVersion = 46;
	objects = {

/* Begin PBXBuildFile section */
		09A035EB1406DA5300ECEB90 /* dol.png in Resources */ = {isa = PBXBuildFile; fileRef = 09A035EA1406DA5300ECEB90 /* dol.png */; };
		09A035ED1406DB5D00ECEB90 /* bls.png in Resources */ = {isa = PBXBuildFile; fileRef = 09A035EC1406DB5C00ECEB90 /* bls.png */; };
		09CCC0DF13FE2404009612E2 /* LoadingView.m in Sources */ = {isa = PBXBuildFile; fileRef = 09CCC0DE13FE2404009612E2 /* LoadingView.m */; };
		09CCC0E313FE257E009612E2 /* QuartzCore.framework in Frameworks */ = {isa = PBXBuildFile; fileRef = 09CCC0E213FE257E009612E2 /* QuartzCore.framework */; };
		3D8D77EF17A6E26800B9C6D1 /* libz.dylib in Frameworks */ = {isa = PBXBuildFile; fileRef = 3D8D77EE17A6E26800B9C6D1 /* libz.dylib */; };
		3D8D782117A6E86B00B9C6D1 /* ASIAuthenticationDialog.m in Sources */ = {isa = PBXBuildFile; fileRef = 3D8D77F417A6E86B00B9C6D1 /* ASIAuthenticationDialog.m */; };
		3D8D782217A6E86B00B9C6D1 /* ASIDataCompressor.m in Sources */ = {isa = PBXBuildFile; fileRef = 3D8D77F717A6E86B00B9C6D1 /* ASIDataCompressor.m */; };
		3D8D782317A6E86B00B9C6D1 /* ASIDataDecompressor.m in Sources */ = {isa = PBXBuildFile; fileRef = 3D8D77F917A6E86B00B9C6D1 /* ASIDataDecompressor.m */; };
		3D8D782417A6E86B00B9C6D1 /* ASIDownloadCache.m in Sources */ = {isa = PBXBuildFile; fileRef = 3D8D77FB17A6E86B00B9C6D1 /* ASIDownloadCache.m */; };
		3D8D782517A6E86B00B9C6D1 /* ASIFormDataRequest.m in Sources */ = {isa = PBXBuildFile; fileRef = 3D8D77FD17A6E86B00B9C6D1 /* ASIFormDataRequest.m */; };
		3D8D782617A6E86B00B9C6D1 /* ASIHTTPRequest.m in Sources */ = {isa = PBXBuildFile; fileRef = 3D8D77FF17A6E86B00B9C6D1 /* ASIHTTPRequest.m */; };
		3D8D782717A6E86B00B9C6D1 /* ASIInputStream.m in Sources */ = {isa = PBXBuildFile; fileRef = 3D8D780317A6E86B00B9C6D1 /* ASIInputStream.m */; };
		3D8D782817A6E86B00B9C6D1 /* ASINetworkQueue.m in Sources */ = {isa = PBXBuildFile; fileRef = 3D8D780517A6E86B00B9C6D1 /* ASINetworkQueue.m */; };
		3D8D782917A6E86B00B9C6D1 /* Reachability.m in Sources */ = {isa = PBXBuildFile; fileRef = 3D8D780817A6E86B00B9C6D1 /* Reachability.m */; };
		3D8D782A17A6E86B00B9C6D1 /* DOLDataUtils.m in Sources */ = {isa = PBXBuildFile; fileRef = 3D8D780A17A6E86B00B9C6D1 /* DOLDataUtils.m */; };
		3D8D782B17A6E86B00B9C6D1 /* GOVDataContext.m in Sources */ = {isa = PBXBuildFile; fileRef = 3D8D780C17A6E86B00B9C6D1 /* GOVDataContext.m */; };
		3D8D782C17A6E86B00B9C6D1 /* GOVDataRequest.m in Sources */ = {isa = PBXBuildFile; fileRef = 3D8D780E17A6E86B00B9C6D1 /* GOVDataRequest.m */; };
		3D8D782D17A6E86B00B9C6D1 /* licenses.txt in Resources */ = {isa = PBXBuildFile; fileRef = 3D8D780F17A6E86B00B9C6D1 /* licenses.txt */; };
		3D8D782E17A6E86B00B9C6D1 /* README.md in Resources */ = {isa = PBXBuildFile; fileRef = 3D8D781017A6E86B00B9C6D1 /* README.md */; };
		3D8D782F17A6E86B00B9C6D1 /* readme.rtfd in Resources */ = {isa = PBXBuildFile; fileRef = 3D8D781117A6E86B00B9C6D1 /* readme.rtfd */; };
		3D8D783017A6E86B00B9C6D1 /* NSObject+SBJSON.m in Sources */ = {isa = PBXBuildFile; fileRef = 3D8D781517A6E86B00B9C6D1 /* NSObject+SBJSON.m */; };
		3D8D783117A6E86B00B9C6D1 /* NSString+SBJSON.m in Sources */ = {isa = PBXBuildFile; fileRef = 3D8D781717A6E86B00B9C6D1 /* NSString+SBJSON.m */; };
		3D8D783217A6E86B00B9C6D1 /* SBJsonBase.m in Sources */ = {isa = PBXBuildFile; fileRef = 3D8D781917A6E86B00B9C6D1 /* SBJsonBase.m */; };
		3D8D783317A6E86B00B9C6D1 /* SBJsonParser.m in Sources */ = {isa = PBXBuildFile; fileRef = 3D8D781B17A6E86B00B9C6D1 /* SBJsonParser.m */; };
		3D8D783417A6E86B00B9C6D1 /* SBJsonWriter.m in Sources */ = {isa = PBXBuildFile; fileRef = 3D8D781D17A6E86B00B9C6D1 /* SBJsonWriter.m */; };
		3D8D783517A6E86B00B9C6D1 /* XMLReader.m in Sources */ = {isa = PBXBuildFile; fileRef = 3D8D782017A6E86B00B9C6D1 /* XMLReader.m */; };
		3DAA1CB517A7F0B000FD5035 /* Images.xcassets in Resources */ = {isa = PBXBuildFile; fileRef = 3DAA1CB417A7F0B000FD5035 /* Images.xcassets */; };
		A88EC63B13F3179F001A34A0 /* icon.png in Resources */ = {isa = PBXBuildFile; fileRef = A88EC63A13F3179F001A34A0 /* icon.png */; };
		A88EC63F13F33419001A34A0 /* news.png in Resources */ = {isa = PBXBuildFile; fileRef = A88EC63E13F33419001A34A0 /* news.png */; };
		A88EC64113F3341D001A34A0 /* numbers.png in Resources */ = {isa = PBXBuildFile; fileRef = A88EC64013F3341D001A34A0 /* numbers.png */; };
		A88EC6B013F59EFD001A34A0 /* DetailEtaNumberView.m in Sources */ = {isa = PBXBuildFile; fileRef = A88EC6AE13F59EFA001A34A0 /* DetailEtaNumberView.m */; };
		A88EC6B113F59EFD001A34A0 /* DetailEtaNumberView.xib in Resources */ = {isa = PBXBuildFile; fileRef = A88EC6AF13F59EFB001A34A0 /* DetailEtaNumberView.xib */; };
		C3424FE813F082AF006A28CD /* DetailNumberNewsView.m in Sources */ = {isa = PBXBuildFile; fileRef = C3424FE613F082AF006A28CD /* DetailNumberNewsView.m */; };
		C3424FE913F082AF006A28CD /* DetailNumberNewsView.xib in Resources */ = {isa = PBXBuildFile; fileRef = C3424FE713F082AF006A28CD /* DetailNumberNewsView.xib */; };
		C3C6AAB613E9DD1400DF23FB /* UIKit.framework in Frameworks */ = {isa = PBXBuildFile; fileRef = C3C6AAB513E9DD1400DF23FB /* UIKit.framework */; };
		C3C6AAB813E9DD1400DF23FB /* Foundation.framework in Frameworks */ = {isa = PBXBuildFile; fileRef = C3C6AAB713E9DD1400DF23FB /* Foundation.framework */; };
		C3C6AABA13E9DD1400DF23FB /* CoreGraphics.framework in Frameworks */ = {isa = PBXBuildFile; fileRef = C3C6AAB913E9DD1400DF23FB /* CoreGraphics.framework */; };
		C3C6AAC013E9DD1400DF23FB /* InfoPlist.strings in Resources */ = {isa = PBXBuildFile; fileRef = C3C6AABE13E9DD1400DF23FB /* InfoPlist.strings */; };
		C3C6AAC313E9DD1400DF23FB /* main.m in Sources */ = {isa = PBXBuildFile; fileRef = C3C6AAC213E9DD1400DF23FB /* main.m */; };
		C3C6AAC613E9DD1400DF23FB /* DOLNumbersAppDelegate.m in Sources */ = {isa = PBXBuildFile; fileRef = C3C6AAC513E9DD1400DF23FB /* DOLNumbersAppDelegate.m */; };
		C3C6AAC913E9DD1400DF23FB /* MainWindow.xib in Resources */ = {isa = PBXBuildFile; fileRef = C3C6AAC713E9DD1400DF23FB /* MainWindow.xib */; };
		C3C6AAD913E9DDF600DF23FB /* DOLNumberTable.m in Sources */ = {isa = PBXBuildFile; fileRef = C3C6AAD813E9DDF600DF23FB /* DOLNumberTable.m */; };
		C3C6AADD13E9DE0F00DF23FB /* DOLNewsTable.m in Sources */ = {isa = PBXBuildFile; fileRef = C3C6AADC13E9DE0F00DF23FB /* DOLNewsTable.m */; };
		C3C6AAF013E9E4C900DF23FB /* unselected.png in Resources */ = {isa = PBXBuildFile; fileRef = C3C6AAEE13E9E4C900DF23FB /* unselected.png */; };
		C3C6AAF113E9E4C900DF23FB /* selected.png in Resources */ = {isa = PBXBuildFile; fileRef = C3C6AAEF13E9E4C900DF23FB /* selected.png */; };
		C3C6AB3113E9E64300DF23FB /* CFNetwork.framework in Frameworks */ = {isa = PBXBuildFile; fileRef = C3C6AB2D13E9E64100DF23FB /* CFNetwork.framework */; };
		C3C6AB3313E9E64300DF23FB /* MobileCoreServices.framework in Frameworks */ = {isa = PBXBuildFile; fileRef = C3C6AB2F13E9E64200DF23FB /* MobileCoreServices.framework */; };
		C3C6AB3413E9E64300DF23FB /* SystemConfiguration.framework in Frameworks */ = {isa = PBXBuildFile; fileRef = C3C6AB3013E9E64200DF23FB /* SystemConfiguration.framework */; };
		C3C6AB7813EACA9E00DF23FB /* DOLNewsWebView.m in Sources */ = {isa = PBXBuildFile; fileRef = C3C6AB7613EACA9C00DF23FB /* DOLNewsWebView.m */; };
		C3C6AB7913EACA9E00DF23FB /* DOLNewsWebView.xib in Resources */ = {isa = PBXBuildFile; fileRef = C3C6AB7713EACA9D00DF23FB /* DOLNewsWebView.xib */; };
/* End PBXBuildFile section */

/* Begin PBXFileReference section */
		09A035EA1406DA5300ECEB90 /* dol.png */ = {isa = PBXFileReference; lastKnownFileType = image.png; path = dol.png; sourceTree = "<group>"; };
		09A035EC1406DB5C00ECEB90 /* bls.png */ = {isa = PBXFileReference; lastKnownFileType = image.png; path = bls.png; sourceTree = "<group>"; };
		09CCC0DD13FE2404009612E2 /* LoadingView.h */ = {isa = PBXFileReference; fileEncoding = 4; lastKnownFileType = sourcecode.c.h; path = LoadingView.h; sourceTree = "<group>"; };
		09CCC0DE13FE2404009612E2 /* LoadingView.m */ = {isa = PBXFileReference; fileEncoding = 4; lastKnownFileType = sourcecode.c.objc; path = LoadingView.m; sourceTree = "<group>"; };
		09CCC0E213FE257E009612E2 /* QuartzCore.framework */ = {isa = PBXFileReference; lastKnownFileType = wrapper.framework; name = QuartzCore.framework; path = System/Library/Frameworks/QuartzCore.framework; sourceTree = SDKROOT; };
		3D8D77EE17A6E26800B9C6D1 /* libz.dylib */ = {isa = PBXFileReference; lastKnownFileType = "compiled.mach-o.dylib"; name = libz.dylib; path = usr/lib/libz.dylib; sourceTree = SDKROOT; };
		3D8D77F317A6E86B00B9C6D1 /* ASIAuthenticationDialog.h */ = {isa = PBXFileReference; fileEncoding = 4; lastKnownFileType = sourcecode.c.h; path = ASIAuthenticationDialog.h; sourceTree = "<group>"; };
		3D8D77F417A6E86B00B9C6D1 /* ASIAuthenticationDialog.m */ = {isa = PBXFileReference; fileEncoding = 4; lastKnownFileType = sourcecode.c.objc; path = ASIAuthenticationDialog.m; sourceTree = "<group>"; };
		3D8D77F517A6E86B00B9C6D1 /* ASICacheDelegate.h */ = {isa = PBXFileReference; fileEncoding = 4; lastKnownFileType = sourcecode.c.h; path = ASICacheDelegate.h; sourceTree = "<group>"; };
		3D8D77F617A6E86B00B9C6D1 /* ASIDataCompressor.h */ = {isa = PBXFileReference; fileEncoding = 4; lastKnownFileType = sourcecode.c.h; path = ASIDataCompressor.h; sourceTree = "<group>"; };
		3D8D77F717A6E86B00B9C6D1 /* ASIDataCompressor.m */ = {isa = PBXFileReference; fileEncoding = 4; lastKnownFileType = sourcecode.c.objc; path = ASIDataCompressor.m; sourceTree = "<group>"; };
		3D8D77F817A6E86B00B9C6D1 /* ASIDataDecompressor.h */ = {isa = PBXFileReference; fileEncoding = 4; lastKnownFileType = sourcecode.c.h; path = ASIDataDecompressor.h; sourceTree = "<group>"; };
		3D8D77F917A6E86B00B9C6D1 /* ASIDataDecompressor.m */ = {isa = PBXFileReference; fileEncoding = 4; lastKnownFileType = sourcecode.c.objc; path = ASIDataDecompressor.m; sourceTree = "<group>"; };
		3D8D77FA17A6E86B00B9C6D1 /* ASIDownloadCache.h */ = {isa = PBXFileReference; fileEncoding = 4; lastKnownFileType = sourcecode.c.h; path = ASIDownloadCache.h; sourceTree = "<group>"; };
		3D8D77FB17A6E86B00B9C6D1 /* ASIDownloadCache.m */ = {isa = PBXFileReference; fileEncoding = 4; lastKnownFileType = sourcecode.c.objc; path = ASIDownloadCache.m; sourceTree = "<group>"; };
		3D8D77FC17A6E86B00B9C6D1 /* ASIFormDataRequest.h */ = {isa = PBXFileReference; fileEncoding = 4; lastKnownFileType = sourcecode.c.h; path = ASIFormDataRequest.h; sourceTree = "<group>"; };
		3D8D77FD17A6E86B00B9C6D1 /* ASIFormDataRequest.m */ = {isa = PBXFileReference; fileEncoding = 4; lastKnownFileType = sourcecode.c.objc; path = ASIFormDataRequest.m; sourceTree = "<group>"; };
		3D8D77FE17A6E86B00B9C6D1 /* ASIHTTPRequest.h */ = {isa = PBXFileReference; fileEncoding = 4; lastKnownFileType = sourcecode.c.h; path = ASIHTTPRequest.h; sourceTree = "<group>"; };
		3D8D77FF17A6E86B00B9C6D1 /* ASIHTTPRequest.m */ = {isa = PBXFileReference; fileEncoding = 4; lastKnownFileType = sourcecode.c.objc; path = ASIHTTPRequest.m; sourceTree = "<group>"; };
		3D8D780017A6E86B00B9C6D1 /* ASIHTTPRequestConfig.h */ = {isa = PBXFileReference; fileEncoding = 4; lastKnownFileType = sourcecode.c.h; path = ASIHTTPRequestConfig.h; sourceTree = "<group>"; };
		3D8D780117A6E86B00B9C6D1 /* ASIHTTPRequestDelegate.h */ = {isa = PBXFileReference; fileEncoding = 4; lastKnownFileType = sourcecode.c.h; path = ASIHTTPRequestDelegate.h; sourceTree = "<group>"; };
		3D8D780217A6E86B00B9C6D1 /* ASIInputStream.h */ = {isa = PBXFileReference; fileEncoding = 4; lastKnownFileType = sourcecode.c.h; path = ASIInputStream.h; sourceTree = "<group>"; };
		3D8D780317A6E86B00B9C6D1 /* ASIInputStream.m */ = {isa = PBXFileReference; fileEncoding = 4; lastKnownFileType = sourcecode.c.objc; path = ASIInputStream.m; sourceTree = "<group>"; };
		3D8D780417A6E86B00B9C6D1 /* ASINetworkQueue.h */ = {isa = PBXFileReference; fileEncoding = 4; lastKnownFileType = sourcecode.c.h; path = ASINetworkQueue.h; sourceTree = "<group>"; };
		3D8D780517A6E86B00B9C6D1 /* ASINetworkQueue.m */ = {isa = PBXFileReference; fileEncoding = 4; lastKnownFileType = sourcecode.c.objc; path = ASINetworkQueue.m; sourceTree = "<group>"; };
		3D8D780617A6E86B00B9C6D1 /* ASIProgressDelegate.h */ = {isa = PBXFileReference; fileEncoding = 4; lastKnownFileType = sourcecode.c.h; path = ASIProgressDelegate.h; sourceTree = "<group>"; };
		3D8D780717A6E86B00B9C6D1 /* Reachability.h */ = {isa = PBXFileReference; fileEncoding = 4; lastKnownFileType = sourcecode.c.h; path = Reachability.h; sourceTree = "<group>"; };
		3D8D780817A6E86B00B9C6D1 /* Reachability.m */ = {isa = PBXFileReference; fileEncoding = 4; lastKnownFileType = sourcecode.c.objc; path = Reachability.m; sourceTree = "<group>"; };
		3D8D780917A6E86B00B9C6D1 /* DOLDataUtils.h */ = {isa = PBXFileReference; fileEncoding = 4; lastKnownFileType = sourcecode.c.h; path = DOLDataUtils.h; sourceTree = "<group>"; };
		3D8D780A17A6E86B00B9C6D1 /* DOLDataUtils.m */ = {isa = PBXFileReference; fileEncoding = 4; lastKnownFileType = sourcecode.c.objc; path = DOLDataUtils.m; sourceTree = "<group>"; };
		3D8D780B17A6E86B00B9C6D1 /* GOVDataContext.h */ = {isa = PBXFileReference; fileEncoding = 4; lastKnownFileType = sourcecode.c.h; path = GOVDataContext.h; sourceTree = "<group>"; };
		3D8D780C17A6E86B00B9C6D1 /* GOVDataContext.m */ = {isa = PBXFileReference; fileEncoding = 4; lastKnownFileType = sourcecode.c.objc; path = GOVDataContext.m; sourceTree = "<group>"; };
		3D8D780D17A6E86B00B9C6D1 /* GOVDataRequest.h */ = {isa = PBXFileReference; fileEncoding = 4; lastKnownFileType = sourcecode.c.h; path = GOVDataRequest.h; sourceTree = "<group>"; };
		3D8D780E17A6E86B00B9C6D1 /* GOVDataRequest.m */ = {isa = PBXFileReference; fileEncoding = 4; lastKnownFileType = sourcecode.c.objc; path = GOVDataRequest.m; sourceTree = "<group>"; };
		3D8D780F17A6E86B00B9C6D1 /* licenses.txt */ = {isa = PBXFileReference; fileEncoding = 4; lastKnownFileType = text; path = licenses.txt; sourceTree = "<group>"; };
		3D8D781017A6E86B00B9C6D1 /* README.md */ = {isa = PBXFileReference; fileEncoding = 4; lastKnownFileType = text; path = README.md; sourceTree = "<group>"; };
		3D8D781117A6E86B00B9C6D1 /* readme.rtfd */ = {isa = PBXFileReference; lastKnownFileType = wrapper.rtfd; path = readme.rtfd; sourceTree = "<group>"; };
		3D8D781317A6E86B00B9C6D1 /* JSON.h */ = {isa = PBXFileReference; fileEncoding = 4; lastKnownFileType = sourcecode.c.h; path = JSON.h; sourceTree = "<group>"; };
		3D8D781417A6E86B00B9C6D1 /* NSObject+SBJSON.h */ = {isa = PBXFileReference; fileEncoding = 4; lastKnownFileType = sourcecode.c.h; path = "NSObject+SBJSON.h"; sourceTree = "<group>"; };
		3D8D781517A6E86B00B9C6D1 /* NSObject+SBJSON.m */ = {isa = PBXFileReference; fileEncoding = 4; lastKnownFileType = sourcecode.c.objc; path = "NSObject+SBJSON.m"; sourceTree = "<group>"; };
		3D8D781617A6E86B00B9C6D1 /* NSString+SBJSON.h */ = {isa = PBXFileReference; fileEncoding = 4; lastKnownFileType = sourcecode.c.h; path = "NSString+SBJSON.h"; sourceTree = "<group>"; };
		3D8D781717A6E86B00B9C6D1 /* NSString+SBJSON.m */ = {isa = PBXFileReference; fileEncoding = 4; lastKnownFileType = sourcecode.c.objc; path = "NSString+SBJSON.m"; sourceTree = "<group>"; };
		3D8D781817A6E86B00B9C6D1 /* SBJsonBase.h */ = {isa = PBXFileReference; fileEncoding = 4; lastKnownFileType = sourcecode.c.h; path = SBJsonBase.h; sourceTree = "<group>"; };
		3D8D781917A6E86B00B9C6D1 /* SBJsonBase.m */ = {isa = PBXFileReference; fileEncoding = 4; lastKnownFileType = sourcecode.c.objc; path = SBJsonBase.m; sourceTree = "<group>"; };
		3D8D781A17A6E86B00B9C6D1 /* SBJsonParser.h */ = {isa = PBXFileReference; fileEncoding = 4; lastKnownFileType = sourcecode.c.h; path = SBJsonParser.h; sourceTree = "<group>"; };
		3D8D781B17A6E86B00B9C6D1 /* SBJsonParser.m */ = {isa = PBXFileReference; fileEncoding = 4; lastKnownFileType = sourcecode.c.objc; path = SBJsonParser.m; sourceTree = "<group>"; };
		3D8D781C17A6E86B00B9C6D1 /* SBJsonWriter.h */ = {isa = PBXFileReference; fileEncoding = 4; lastKnownFileType = sourcecode.c.h; path = SBJsonWriter.h; sourceTree = "<group>"; };
		3D8D781D17A6E86B00B9C6D1 /* SBJsonWriter.m */ = {isa = PBXFileReference; fileEncoding = 4; lastKnownFileType = sourcecode.c.objc; path = SBJsonWriter.m; sourceTree = "<group>"; };
		3D8D781F17A6E86B00B9C6D1 /* XMLReader.h */ = {isa = PBXFileReference; fileEncoding = 4; lastKnownFileType = sourcecode.c.h; path = XMLReader.h; sourceTree = "<group>"; };
		3D8D782017A6E86B00B9C6D1 /* XMLReader.m */ = {isa = PBXFileReference; fileEncoding = 4; lastKnownFileType = sourcecode.c.objc; path = XMLReader.m; sourceTree = "<group>"; };
		3DAA1CB417A7F0B000FD5035 /* Images.xcassets */ = {isa = PBXFileReference; lastKnownFileType = folder.assetcatalog; path = Images.xcassets; sourceTree = "<group>"; };
		A88EC63A13F3179F001A34A0 /* icon.png */ = {isa = PBXFileReference; lastKnownFileType = image.png; path = icon.png; sourceTree = "<group>"; };
		A88EC63E13F33419001A34A0 /* news.png */ = {isa = PBXFileReference; lastKnownFileType = image.png; path = news.png; sourceTree = "<group>"; };
		A88EC64013F3341D001A34A0 /* numbers.png */ = {isa = PBXFileReference; lastKnownFileType = image.png; path = numbers.png; sourceTree = "<group>"; };
		A88EC69913F58483001A34A0 /* XMLReader.m */ = {isa = PBXFileReference; fileEncoding = 4; lastKnownFileType = sourcecode.c.objc; path = XMLReader.m; sourceTree = "<group>"; };
		A88EC69A13F58484001A34A0 /* XMLReader.h */ = {isa = PBXFileReference; fileEncoding = 4; lastKnownFileType = sourcecode.c.h; path = XMLReader.h; sourceTree = "<group>"; };
		A88EC6AD13F59EF9001A34A0 /* DetailEtaNumberView.h */ = {isa = PBXFileReference; fileEncoding = 4; lastKnownFileType = sourcecode.c.h; path = DetailEtaNumberView.h; sourceTree = "<group>"; };
		A88EC6AE13F59EFA001A34A0 /* DetailEtaNumberView.m */ = {isa = PBXFileReference; fileEncoding = 4; lastKnownFileType = sourcecode.c.objc; path = DetailEtaNumberView.m; sourceTree = "<group>"; };
		A88EC6AF13F59EFB001A34A0 /* DetailEtaNumberView.xib */ = {isa = PBXFileReference; fileEncoding = 4; lastKnownFileType = file.xib; path = DetailEtaNumberView.xib; sourceTree = "<group>"; };
		C3424FE513F082AF006A28CD /* DetailNumberNewsView.h */ = {isa = PBXFileReference; fileEncoding = 4; lastKnownFileType = sourcecode.c.h; path = DetailNumberNewsView.h; sourceTree = "<group>"; };
		C3424FE613F082AF006A28CD /* DetailNumberNewsView.m */ = {isa = PBXFileReference; fileEncoding = 4; lastKnownFileType = sourcecode.c.objc; path = DetailNumberNewsView.m; sourceTree = "<group>"; };
		C3424FE713F082AF006A28CD /* DetailNumberNewsView.xib */ = {isa = PBXFileReference; fileEncoding = 4; lastKnownFileType = file.xib; path = DetailNumberNewsView.xib; sourceTree = "<group>"; };
		C3C6AAB113E9DD1400DF23FB /* DOLNumbers.app */ = {isa = PBXFileReference; explicitFileType = wrapper.application; includeInIndex = 0; path = DOLNumbers.app; sourceTree = BUILT_PRODUCTS_DIR; };
		C3C6AAB513E9DD1400DF23FB /* UIKit.framework */ = {isa = PBXFileReference; lastKnownFileType = wrapper.framework; name = UIKit.framework; path = System/Library/Frameworks/UIKit.framework; sourceTree = SDKROOT; };
		C3C6AAB713E9DD1400DF23FB /* Foundation.framework */ = {isa = PBXFileReference; lastKnownFileType = wrapper.framework; name = Foundation.framework; path = System/Library/Frameworks/Foundation.framework; sourceTree = SDKROOT; };
		C3C6AAB913E9DD1400DF23FB /* CoreGraphics.framework */ = {isa = PBXFileReference; lastKnownFileType = wrapper.framework; name = CoreGraphics.framework; path = System/Library/Frameworks/CoreGraphics.framework; sourceTree = SDKROOT; };
		C3C6AABD13E9DD1400DF23FB /* DOLNumbers-Info.plist */ = {isa = PBXFileReference; lastKnownFileType = text.plist.xml; path = "DOLNumbers-Info.plist"; sourceTree = "<group>"; };
		C3C6AABF13E9DD1400DF23FB /* en */ = {isa = PBXFileReference; lastKnownFileType = text.plist.strings; name = en; path = en.lproj/InfoPlist.strings; sourceTree = "<group>"; };
		C3C6AAC113E9DD1400DF23FB /* DOLNumbers-Prefix.pch */ = {isa = PBXFileReference; lastKnownFileType = sourcecode.c.h; path = "DOLNumbers-Prefix.pch"; sourceTree = "<group>"; };
		C3C6AAC213E9DD1400DF23FB /* main.m */ = {isa = PBXFileReference; lastKnownFileType = sourcecode.c.objc; path = main.m; sourceTree = "<group>"; };
		C3C6AAC413E9DD1400DF23FB /* DOLNumbersAppDelegate.h */ = {isa = PBXFileReference; lastKnownFileType = sourcecode.c.h; path = DOLNumbersAppDelegate.h; sourceTree = "<group>"; };
		C3C6AAC513E9DD1400DF23FB /* DOLNumbersAppDelegate.m */ = {isa = PBXFileReference; lastKnownFileType = sourcecode.c.objc; path = DOLNumbersAppDelegate.m; sourceTree = "<group>"; };
		C3C6AAC813E9DD1400DF23FB /* en */ = {isa = PBXFileReference; lastKnownFileType = file.xib; name = en; path = en.lproj/MainWindow.xib; sourceTree = "<group>"; };
		C3C6AAD713E9DDF600DF23FB /* DOLNumberTable.h */ = {isa = PBXFileReference; fileEncoding = 4; lastKnownFileType = sourcecode.c.h; name = DOLNumberTable.h; path = ../DOLNumberTable.h; sourceTree = "<group>"; };
		C3C6AAD813E9DDF600DF23FB /* DOLNumberTable.m */ = {isa = PBXFileReference; fileEncoding = 4; lastKnownFileType = sourcecode.c.objc; name = DOLNumberTable.m; path = ../DOLNumberTable.m; sourceTree = "<group>"; };
		C3C6AADB13E9DE0F00DF23FB /* DOLNewsTable.h */ = {isa = PBXFileReference; fileEncoding = 4; lastKnownFileType = sourcecode.c.h; path = DOLNewsTable.h; sourceTree = "<group>"; };
		C3C6AADC13E9DE0F00DF23FB /* DOLNewsTable.m */ = {isa = PBXFileReference; fileEncoding = 4; lastKnownFileType = sourcecode.c.objc; path = DOLNewsTable.m; sourceTree = "<group>"; };
		C3C6AAEE13E9E4C900DF23FB /* unselected.png */ = {isa = PBXFileReference; lastKnownFileType = image.png; path = unselected.png; sourceTree = "<group>"; };
		C3C6AAEF13E9E4C900DF23FB /* selected.png */ = {isa = PBXFileReference; lastKnownFileType = image.png; path = selected.png; sourceTree = "<group>"; };
		C3C6AB2D13E9E64100DF23FB /* CFNetwork.framework */ = {isa = PBXFileReference; lastKnownFileType = wrapper.framework; name = CFNetwork.framework; path = System/Library/Frameworks/CFNetwork.framework; sourceTree = SDKROOT; };
		C3C6AB2E13E9E64200DF23FB /* libz.1.2.3.dylib */ = {isa = PBXFileReference; lastKnownFileType = "compiled.mach-o.dylib"; name = libz.1.2.3.dylib; path = usr/lib/libz.1.2.3.dylib; sourceTree = SDKROOT; };
		C3C6AB2F13E9E64200DF23FB /* MobileCoreServices.framework */ = {isa = PBXFileReference; lastKnownFileType = wrapper.framework; name = MobileCoreServices.framework; path = System/Library/Frameworks/MobileCoreServices.framework; sourceTree = SDKROOT; };
		C3C6AB3013E9E64200DF23FB /* SystemConfiguration.framework */ = {isa = PBXFileReference; lastKnownFileType = wrapper.framework; name = SystemConfiguration.framework; path = System/Library/Frameworks/SystemConfiguration.framework; sourceTree = SDKROOT; };
		C3C6AB7513EACA9C00DF23FB /* DOLNewsWebView.h */ = {isa = PBXFileReference; fileEncoding = 4; lastKnownFileType = sourcecode.c.h; path = DOLNewsWebView.h; sourceTree = "<group>"; };
		C3C6AB7613EACA9C00DF23FB /* DOLNewsWebView.m */ = {isa = PBXFileReference; fileEncoding = 4; lastKnownFileType = sourcecode.c.objc; path = DOLNewsWebView.m; sourceTree = "<group>"; };
		C3C6AB7713EACA9D00DF23FB /* DOLNewsWebView.xib */ = {isa = PBXFileReference; fileEncoding = 4; lastKnownFileType = file.xib; path = DOLNewsWebView.xib; sourceTree = "<group>"; };
/* End PBXFileReference section */

/* Begin PBXFrameworksBuildPhase section */
		C3C6AAAE13E9DD1400DF23FB /* Frameworks */ = {
			isa = PBXFrameworksBuildPhase;
			buildActionMask = 2147483647;
			files = (
				3D8D77EF17A6E26800B9C6D1 /* libz.dylib in Frameworks */,
				09CCC0E313FE257E009612E2 /* QuartzCore.framework in Frameworks */,
				C3C6AB3113E9E64300DF23FB /* CFNetwork.framework in Frameworks */,
				C3C6AB3313E9E64300DF23FB /* MobileCoreServices.framework in Frameworks */,
				C3C6AB3413E9E64300DF23FB /* SystemConfiguration.framework in Frameworks */,
				C3C6AAB613E9DD1400DF23FB /* UIKit.framework in Frameworks */,
				C3C6AAB813E9DD1400DF23FB /* Foundation.framework in Frameworks */,
				C3C6AABA13E9DD1400DF23FB /* CoreGraphics.framework in Frameworks */,
			);
			runOnlyForDeploymentPostprocessing = 0;
		};
/* End PBXFrameworksBuildPhase section */

/* Begin PBXGroup section */
		09CCC0DB13FE23E6009612E2 /* LoadingView */ = {
			isa = PBXGroup;
			children = (
				09CCC0DD13FE2404009612E2 /* LoadingView.h */,
				09CCC0DE13FE2404009612E2 /* LoadingView.m */,
			);
			name = LoadingView;
			sourceTree = "<group>";
		};
		3D8D77F117A6E86B00B9C6D1 /* DOLDataSDK-iOS */ = {
			isa = PBXGroup;
			children = (
				3D8D77F217A6E86B00B9C6D1 /* ASIHTTP */,
				3D8D780917A6E86B00B9C6D1 /* DOLDataUtils.h */,
				3D8D780A17A6E86B00B9C6D1 /* DOLDataUtils.m */,
				3D8D780B17A6E86B00B9C6D1 /* GOVDataContext.h */,
				3D8D780C17A6E86B00B9C6D1 /* GOVDataContext.m */,
				3D8D780D17A6E86B00B9C6D1 /* GOVDataRequest.h */,
				3D8D780E17A6E86B00B9C6D1 /* GOVDataRequest.m */,
				3D8D780F17A6E86B00B9C6D1 /* licenses.txt */,
				3D8D781017A6E86B00B9C6D1 /* README.md */,
				3D8D781117A6E86B00B9C6D1 /* readme.rtfd */,
				3D8D781217A6E86B00B9C6D1 /* SBJSON */,
				3D8D781E17A6E86B00B9C6D1 /* XMLReader */,
			);
			path = "DOLDataSDK-iOS";
			sourceTree = "<group>";
		};
		3D8D77F217A6E86B00B9C6D1 /* ASIHTTP */ = {
			isa = PBXGroup;
			children = (
				3D8D77F317A6E86B00B9C6D1 /* ASIAuthenticationDialog.h */,
				3D8D77F417A6E86B00B9C6D1 /* ASIAuthenticationDialog.m */,
				3D8D77F517A6E86B00B9C6D1 /* ASICacheDelegate.h */,
				3D8D77F617A6E86B00B9C6D1 /* ASIDataCompressor.h */,
				3D8D77F717A6E86B00B9C6D1 /* ASIDataCompressor.m */,
				3D8D77F817A6E86B00B9C6D1 /* ASIDataDecompressor.h */,
				3D8D77F917A6E86B00B9C6D1 /* ASIDataDecompressor.m */,
				3D8D77FA17A6E86B00B9C6D1 /* ASIDownloadCache.h */,
				3D8D77FB17A6E86B00B9C6D1 /* ASIDownloadCache.m */,
				3D8D77FC17A6E86B00B9C6D1 /* ASIFormDataRequest.h */,
				3D8D77FD17A6E86B00B9C6D1 /* ASIFormDataRequest.m */,
				3D8D77FE17A6E86B00B9C6D1 /* ASIHTTPRequest.h */,
				3D8D77FF17A6E86B00B9C6D1 /* ASIHTTPRequest.m */,
				3D8D780017A6E86B00B9C6D1 /* ASIHTTPRequestConfig.h */,
				3D8D780117A6E86B00B9C6D1 /* ASIHTTPRequestDelegate.h */,
				3D8D780217A6E86B00B9C6D1 /* ASIInputStream.h */,
				3D8D780317A6E86B00B9C6D1 /* ASIInputStream.m */,
				3D8D780417A6E86B00B9C6D1 /* ASINetworkQueue.h */,
				3D8D780517A6E86B00B9C6D1 /* ASINetworkQueue.m */,
				3D8D780617A6E86B00B9C6D1 /* ASIProgressDelegate.h */,
				3D8D780717A6E86B00B9C6D1 /* Reachability.h */,
				3D8D780817A6E86B00B9C6D1 /* Reachability.m */,
			);
			path = ASIHTTP;
			sourceTree = "<group>";
		};
		3D8D781217A6E86B00B9C6D1 /* SBJSON */ = {
			isa = PBXGroup;
			children = (
				3D8D781317A6E86B00B9C6D1 /* JSON.h */,
				3D8D781417A6E86B00B9C6D1 /* NSObject+SBJSON.h */,
				3D8D781517A6E86B00B9C6D1 /* NSObject+SBJSON.m */,
				3D8D781617A6E86B00B9C6D1 /* NSString+SBJSON.h */,
				3D8D781717A6E86B00B9C6D1 /* NSString+SBJSON.m */,
				3D8D781817A6E86B00B9C6D1 /* SBJsonBase.h */,
				3D8D781917A6E86B00B9C6D1 /* SBJsonBase.m */,
				3D8D781A17A6E86B00B9C6D1 /* SBJsonParser.h */,
				3D8D781B17A6E86B00B9C6D1 /* SBJsonParser.m */,
				3D8D781C17A6E86B00B9C6D1 /* SBJsonWriter.h */,
				3D8D781D17A6E86B00B9C6D1 /* SBJsonWriter.m */,
			);
			path = SBJSON;
			sourceTree = "<group>";
		};
		3D8D781E17A6E86B00B9C6D1 /* XMLReader */ = {
			isa = PBXGroup;
			children = (
				3D8D781F17A6E86B00B9C6D1 /* XMLReader.h */,
				3D8D782017A6E86B00B9C6D1 /* XMLReader.m */,
			);
			path = XMLReader;
			sourceTree = "<group>";
		};
		C3C6AAA613E9DD1300DF23FB = {
			isa = PBXGroup;
			children = (
				C3C6AABB13E9DD1400DF23FB /* DOLNumbers */,
				C3C6AAB413E9DD1400DF23FB /* Frameworks */,
				C3C6AAB213E9DD1400DF23FB /* Products */,
			);
			sourceTree = "<group>";
		};
		C3C6AAB213E9DD1400DF23FB /* Products */ = {
			isa = PBXGroup;
			children = (
				C3C6AAB113E9DD1400DF23FB /* DOLNumbers.app */,
			);
			name = Products;
			sourceTree = "<group>";
		};
		C3C6AAB413E9DD1400DF23FB /* Frameworks */ = {
			isa = PBXGroup;
			children = (
				3D8D77EE17A6E26800B9C6D1 /* libz.dylib */,
				09CCC0E213FE257E009612E2 /* QuartzCore.framework */,
				C3C6AB2D13E9E64100DF23FB /* CFNetwork.framework */,
				C3C6AB2E13E9E64200DF23FB /* libz.1.2.3.dylib */,
				C3C6AB2F13E9E64200DF23FB /* MobileCoreServices.framework */,
				C3C6AB3013E9E64200DF23FB /* SystemConfiguration.framework */,
				C3C6AAB513E9DD1400DF23FB /* UIKit.framework */,
				C3C6AAB713E9DD1400DF23FB /* Foundation.framework */,
				C3C6AAB913E9DD1400DF23FB /* CoreGraphics.framework */,
			);
			name = Frameworks;
			sourceTree = "<group>";
		};
		C3C6AABB13E9DD1400DF23FB /* DOLNumbers */ = {
			isa = PBXGroup;
			children = (
				3D8D77F117A6E86B00B9C6D1 /* DOLDataSDK-iOS */,
				09CCC0DB13FE23E6009612E2 /* LoadingView */,
				C3C6AAED13E9E4AD00DF23FB /* images */,
				C3C6AAE013E9DE7100DF23FB /* DOLAppDelegate */,
				C3C6AADF13E9DE2C00DF23FB /* DOLNewsTab */,
				C3C6AADE13E9DE1700DF23FB /* DOLNumberTab */,
				3DAA1CB417A7F0B000FD5035 /* Images.xcassets */,
				C3C6AABC13E9DD1400DF23FB /* Supporting Files */,
			);
			path = DOLNumbers;
			sourceTree = "<group>";
		};
		C3C6AABC13E9DD1400DF23FB /* Supporting Files */ = {
			isa = PBXGroup;
			children = (
				C3C6AABD13E9DD1400DF23FB /* DOLNumbers-Info.plist */,
				C3C6AABE13E9DD1400DF23FB /* InfoPlist.strings */,
				C3C6AAC113E9DD1400DF23FB /* DOLNumbers-Prefix.pch */,
				C3C6AAC213E9DD1400DF23FB /* main.m */,
			);
			name = "Supporting Files";
			sourceTree = "<group>";
		};
		C3C6AADE13E9DE1700DF23FB /* DOLNumberTab */ = {
			isa = PBXGroup;
			children = (
				C3C6AAD713E9DDF600DF23FB /* DOLNumberTable.h */,
				C3C6AAD813E9DDF600DF23FB /* DOLNumberTable.m */,
			);
			name = DOLNumberTab;
			sourceTree = "<group>";
		};
		C3C6AADF13E9DE2C00DF23FB /* DOLNewsTab */ = {
			isa = PBXGroup;
			children = (
				A88EC69913F58483001A34A0 /* XMLReader.m */,
				A88EC69A13F58484001A34A0 /* XMLReader.h */,
				C3C6AADB13E9DE0F00DF23FB /* DOLNewsTable.h */,
				C3C6AADC13E9DE0F00DF23FB /* DOLNewsTable.m */,
				C3C6AB7513EACA9C00DF23FB /* DOLNewsWebView.h */,
				C3C6AB7613EACA9C00DF23FB /* DOLNewsWebView.m */,
				C3C6AB7713EACA9D00DF23FB /* DOLNewsWebView.xib */,
				C3424FE513F082AF006A28CD /* DetailNumberNewsView.h */,
				C3424FE613F082AF006A28CD /* DetailNumberNewsView.m */,
				C3424FE713F082AF006A28CD /* DetailNumberNewsView.xib */,
				A88EC6AD13F59EF9001A34A0 /* DetailEtaNumberView.h */,
				A88EC6AE13F59EFA001A34A0 /* DetailEtaNumberView.m */,
				A88EC6AF13F59EFB001A34A0 /* DetailEtaNumberView.xib */,
			);
			name = DOLNewsTab;
			sourceTree = "<group>";
		};
		C3C6AAE013E9DE7100DF23FB /* DOLAppDelegate */ = {
			isa = PBXGroup;
			children = (
				C3C6AAC713E9DD1400DF23FB /* MainWindow.xib */,
				C3C6AAC413E9DD1400DF23FB /* DOLNumbersAppDelegate.h */,
				C3C6AAC513E9DD1400DF23FB /* DOLNumbersAppDelegate.m */,
			);
			name = DOLAppDelegate;
			sourceTree = "<group>";
		};
		C3C6AAED13E9E4AD00DF23FB /* images */ = {
			isa = PBXGroup;
			children = (
				09A035EC1406DB5C00ECEB90 /* bls.png */,
				09A035EA1406DA5300ECEB90 /* dol.png */,
				A88EC63E13F33419001A34A0 /* news.png */,
				A88EC63A13F3179F001A34A0 /* icon.png */,
				A88EC64013F3341D001A34A0 /* numbers.png */,
				C3C6AAEE13E9E4C900DF23FB /* unselected.png */,
				C3C6AAEF13E9E4C900DF23FB /* selected.png */,
			);
			name = images;
			sourceTree = "<group>";
		};
/* End PBXGroup section */

/* Begin PBXNativeTarget section */
		C3C6AAB013E9DD1400DF23FB /* DOLNumbers */ = {
			isa = PBXNativeTarget;
			buildConfigurationList = C3C6AACC13E9DD1400DF23FB /* Build configuration list for PBXNativeTarget "DOLNumbers" */;
			buildPhases = (
				C3C6AAAD13E9DD1400DF23FB /* Sources */,
				C3C6AAAE13E9DD1400DF23FB /* Frameworks */,
				C3C6AAAF13E9DD1400DF23FB /* Resources */,
			);
			buildRules = (
			);
			dependencies = (
			);
			name = DOLNumbers;
			productName = DOLNumbers;
			productReference = C3C6AAB113E9DD1400DF23FB /* DOLNumbers.app */;
			productType = "com.apple.product-type.application";
		};
/* End PBXNativeTarget section */

/* Begin PBXProject section */
		C3C6AAA813E9DD1300DF23FB /* Project object */ = {
			isa = PBXProject;
			attributes = {
				TargetAttributes = {
					C3C6AAB013E9DD1400DF23FB = {
						DevelopmentTeam = FRPCGFXS7Q;
					};
				};
			};
			buildConfigurationList = C3C6AAAB13E9DD1300DF23FB /* Build configuration list for PBXProject "DOLNumbers" */;
			compatibilityVersion = "Xcode 3.2";
			developmentRegion = English;
			hasScannedForEncodings = 0;
			knownRegions = (
				en,
			);
			mainGroup = C3C6AAA613E9DD1300DF23FB;
			productRefGroup = C3C6AAB213E9DD1400DF23FB /* Products */;
			projectDirPath = "";
			projectRoot = "";
			targets = (
				C3C6AAB013E9DD1400DF23FB /* DOLNumbers */,
			);
		};
/* End PBXProject section */

/* Begin PBXResourcesBuildPhase section */
		C3C6AAAF13E9DD1400DF23FB /* Resources */ = {
			isa = PBXResourcesBuildPhase;
			buildActionMask = 2147483647;
			files = (
				C3C6AAC013E9DD1400DF23FB /* InfoPlist.strings in Resources */,
				3DAA1CB517A7F0B000FD5035 /* Images.xcassets in Resources */,
				C3C6AAC913E9DD1400DF23FB /* MainWindow.xib in Resources */,
				C3C6AAF013E9E4C900DF23FB /* unselected.png in Resources */,
				3D8D782D17A6E86B00B9C6D1 /* licenses.txt in Resources */,
				C3C6AAF113E9E4C900DF23FB /* selected.png in Resources */,
				C3C6AB7913EACA9E00DF23FB /* DOLNewsWebView.xib in Resources */,
				C3424FE913F082AF006A28CD /* DetailNumberNewsView.xib in Resources */,
				3D8D782F17A6E86B00B9C6D1 /* readme.rtfd in Resources */,
				A88EC63B13F3179F001A34A0 /* icon.png in Resources */,
				A88EC63F13F33419001A34A0 /* news.png in Resources */,
				A88EC64113F3341D001A34A0 /* numbers.png in Resources */,
				3D8D782E17A6E86B00B9C6D1 /* README.md in Resources */,
				A88EC6B113F59EFD001A34A0 /* DetailEtaNumberView.xib in Resources */,
				09A035EB1406DA5300ECEB90 /* dol.png in Resources */,
				09A035ED1406DB5D00ECEB90 /* bls.png in Resources */,
			);
			runOnlyForDeploymentPostprocessing = 0;
		};
/* End PBXResourcesBuildPhase section */

/* Begin PBXSourcesBuildPhase section */
		C3C6AAAD13E9DD1400DF23FB /* Sources */ = {
			isa = PBXSourcesBuildPhase;
			buildActionMask = 2147483647;
			files = (
				C3C6AAC313E9DD1400DF23FB /* main.m in Sources */,
				3D8D783417A6E86B00B9C6D1 /* SBJsonWriter.m in Sources */,
				3D8D783217A6E86B00B9C6D1 /* SBJsonBase.m in Sources */,
				C3C6AAC613E9DD1400DF23FB /* DOLNumbersAppDelegate.m in Sources */,
				3D8D783317A6E86B00B9C6D1 /* SBJsonParser.m in Sources */,
				3D8D782A17A6E86B00B9C6D1 /* DOLDataUtils.m in Sources */,
				3D8D782617A6E86B00B9C6D1 /* ASIHTTPRequest.m in Sources */,
				C3C6AAD913E9DDF600DF23FB /* DOLNumberTable.m in Sources */,
				3D8D782717A6E86B00B9C6D1 /* ASIInputStream.m in Sources */,
				C3C6AADD13E9DE0F00DF23FB /* DOLNewsTable.m in Sources */,
				C3C6AB7813EACA9E00DF23FB /* DOLNewsWebView.m in Sources */,
				3D8D783117A6E86B00B9C6D1 /* NSString+SBJSON.m in Sources */,
				3D8D782317A6E86B00B9C6D1 /* ASIDataDecompressor.m in Sources */,
				C3424FE813F082AF006A28CD /* DetailNumberNewsView.m in Sources */,
				3D8D782B17A6E86B00B9C6D1 /* GOVDataContext.m in Sources */,
				3D8D782517A6E86B00B9C6D1 /* ASIFormDataRequest.m in Sources */,
				3D8D783517A6E86B00B9C6D1 /* XMLReader.m in Sources */,
				3D8D782117A6E86B00B9C6D1 /* ASIAuthenticationDialog.m in Sources */,
				3D8D782C17A6E86B00B9C6D1 /* GOVDataRequest.m in Sources */,
				3D8D782217A6E86B00B9C6D1 /* ASIDataCompressor.m in Sources */,
				3D8D783017A6E86B00B9C6D1 /* NSObject+SBJSON.m in Sources */,
				A88EC6B013F59EFD001A34A0 /* DetailEtaNumberView.m in Sources */,
				3D8D782417A6E86B00B9C6D1 /* ASIDownloadCache.m in Sources */,
				3D8D782817A6E86B00B9C6D1 /* ASINetworkQueue.m in Sources */,
				3D8D782917A6E86B00B9C6D1 /* Reachability.m in Sources */,
				09CCC0DF13FE2404009612E2 /* LoadingView.m in Sources */,
			);
			runOnlyForDeploymentPostprocessing = 0;
		};
/* End PBXSourcesBuildPhase section */

/* Begin PBXVariantGroup section */
		C3C6AABE13E9DD1400DF23FB /* InfoPlist.strings */ = {
			isa = PBXVariantGroup;
			children = (
				C3C6AABF13E9DD1400DF23FB /* en */,
			);
			name = InfoPlist.strings;
			sourceTree = "<group>";
		};
		C3C6AAC713E9DD1400DF23FB /* MainWindow.xib */ = {
			isa = PBXVariantGroup;
			children = (
				C3C6AAC813E9DD1400DF23FB /* en */,
			);
			name = MainWindow.xib;
			sourceTree = "<group>";
		};
/* End PBXVariantGroup section */

/* Begin XCBuildConfiguration section */
		C3C6AACA13E9DD1400DF23FB /* Debug */ = {
			isa = XCBuildConfiguration;
			buildSettings = {
				ARCHS = "$(ARCHS_STANDARD_32_BIT)";
				"CODE_SIGN_IDENTITY[sdk=iphoneos*]" = "iPhone Developer";
				GCC_C_LANGUAGE_STANDARD = gnu99;
				GCC_OPTIMIZATION_LEVEL = 0;
				GCC_PREPROCESSOR_DEFINITIONS = DEBUG;
				GCC_SYMBOLS_PRIVATE_EXTERN = NO;
				GCC_VERSION = "";
				GCC_WARN_ABOUT_RETURN_TYPE = YES;
				GCC_WARN_UNUSED_VARIABLE = YES;
				IPHONEOS_DEPLOYMENT_TARGET = 4.3;
				SDKROOT = iphoneos;
			};
			name = Debug;
		};
		C3C6AACB13E9DD1400DF23FB /* Release */ = {
			isa = XCBuildConfiguration;
			buildSettings = {
				ARCHS = "$(ARCHS_STANDARD_32_BIT)";
				"CODE_SIGN_IDENTITY[sdk=iphoneos*]" = "iPhone Developer";
				GCC_C_LANGUAGE_STANDARD = gnu99;
				GCC_VERSION = "";
				GCC_WARN_ABOUT_RETURN_TYPE = YES;
				GCC_WARN_UNUSED_VARIABLE = YES;
				IPHONEOS_DEPLOYMENT_TARGET = 4.3;
				OTHER_CFLAGS = "-DNS_BLOCK_ASSERTIONS=1";
				SDKROOT = iphoneos;
			};
			name = Release;
		};
		C3C6AACD13E9DD1400DF23FB /* Debug */ = {
			isa = XCBuildConfiguration;
			buildSettings = {
				ALWAYS_SEARCH_USER_PATHS = NO;
				ASSETCATALOG_COMPILER_APPICON_NAME = AppIcon;
				ASSETCATALOG_COMPILER_LAUNCHIMAGE_NAME = LaunchImage;
				CODE_SIGN_IDENTITY = "iPhone Developer";
				"CODE_SIGN_IDENTITY[sdk=iphoneos*]" = "iPhone Developer";
				COPY_PHASE_STRIP = NO;
				FRAMEWORK_SEARCH_PATHS = (
					"$(inherited)",
					"\"$(SRCROOT)\"",
				);
				GCC_DYNAMIC_NO_PIC = NO;
				GCC_PRECOMPILE_PREFIX_HEADER = YES;
				GCC_PREFIX_HEADER = "DOLNumbers/DOLNumbers-Prefix.pch";
				INFOPLIST_FILE = "DOLNumbers/DOLNumbers-Info.plist";
				IPHONEOS_DEPLOYMENT_TARGET = 7.0;
				PRODUCT_NAME = "$(TARGET_NAME)";
				PROVISIONING_PROFILE = "9D5872E6-6FE6-4C59-954F-FDA18F002A73";
				TARGETED_DEVICE_FAMILY = 1;
				WRAPPER_EXTENSION = app;
			};
			name = Debug;
		};
		C3C6AACE13E9DD1400DF23FB /* Release */ = {
			isa = XCBuildConfiguration;
			buildSettings = {
				ALWAYS_SEARCH_USER_PATHS = NO;
				ASSETCATALOG_COMPILER_APPICON_NAME = AppIcon;
				ASSETCATALOG_COMPILER_LAUNCHIMAGE_NAME = LaunchImage;
				CODE_SIGN_IDENTITY = "iPhone Developer";
				"CODE_SIGN_IDENTITY[sdk=iphoneos*]" = "iPhone Developer";
				COPY_PHASE_STRIP = YES;
				FRAMEWORK_SEARCH_PATHS = (
					"$(inherited)",
					"\"$(SRCROOT)\"",
				);
				GCC_PRECOMPILE_PREFIX_HEADER = YES;
				GCC_PREFIX_HEADER = "DOLNumbers/DOLNumbers-Prefix.pch";
				INFOPLIST_FILE = "DOLNumbers/DOLNumbers-Info.plist";
				IPHONEOS_DEPLOYMENT_TARGET = 7.0;
				PRODUCT_NAME = "$(TARGET_NAME)";
				PROVISIONING_PROFILE = "9D5872E6-6FE6-4C59-954F-FDA18F002A73";
				TARGETED_DEVICE_FAMILY = 1;
				VALIDATE_PRODUCT = YES;
				WRAPPER_EXTENSION = app;
			};
			name = Release;
		};
/* End XCBuildConfiguration section */

/* Begin XCConfigurationList section */
		C3C6AAAB13E9DD1300DF23FB /* Build configuration list for PBXProject "DOLNumbers" */ = {
			isa = XCConfigurationList;
			buildConfigurations = (
				C3C6AACA13E9DD1400DF23FB /* Debug */,
				C3C6AACB13E9DD1400DF23FB /* Release */,
			);
			defaultConfigurationIsVisible = 0;
			defaultConfigurationName = Release;
		};
		C3C6AACC13E9DD1400DF23FB /* Build configuration list for PBXNativeTarget "DOLNumbers" */ = {
			isa = XCConfigurationList;
			buildConfigurations = (
				C3C6AACD13E9DD1400DF23FB /* Debug */,
				C3C6AACE13E9DD1400DF23FB /* Release */,
			);
			defaultConfigurationIsVisible = 0;
			defaultConfigurationName = Release;
		};
/* End XCConfigurationList section */
	};
	rootObject = C3C6AAA813E9DD1300DF23FB /* Project object */;
}
